// !$*UTF8*$!
{
	archiveVersion = 1;
	classes = {
	};
	objectVersion = 46;
	objects = {

/* Begin PBXBuildFile section */
		444D9C161B2460EE00EA3ECD /* main.m in Sources */ = {isa = PBXBuildFile; fileRef = 444D9C151B2460EE00EA3ECD /* main.m */; };
		444D9C191B2460EE00EA3ECD /* AppDelegate.m in Sources */ = {isa = PBXBuildFile; fileRef = 444D9C181B2460EE00EA3ECD /* AppDelegate.m */; };
		444D9C1C1B2460EE00EA3ECD /* ViewController.m in Sources */ = {isa = PBXBuildFile; fileRef = 444D9C1B1B2460EE00EA3ECD /* ViewController.m */; };
		444D9C1F1B2460EE00EA3ECD /* Main.storyboard in Resources */ = {isa = PBXBuildFile; fileRef = 444D9C1D1B2460EE00EA3ECD /* Main.storyboard */; };
		444D9C211B2460EE00EA3ECD /* Images.xcassets in Resources */ = {isa = PBXBuildFile; fileRef = 444D9C201B2460EE00EA3ECD /* Images.xcassets */; };
		444D9C241B2460EE00EA3ECD /* LaunchScreen.xib in Resources */ = {isa = PBXBuildFile; fileRef = 444D9C221B2460EE00EA3ECD /* LaunchScreen.xib */; };
		444D9C301B2460EE00EA3ECD /* AgeOfLaikaTests.m in Sources */ = {isa = PBXBuildFile; fileRef = 444D9C2F1B2460EE00EA3ECD /* AgeOfLaikaTests.m */; };
/* End PBXBuildFile section */

/* Begin PBXContainerItemProxy section */
		444D9C2A1B2460EE00EA3ECD /* PBXContainerItemProxy */ = {
			isa = PBXContainerItemProxy;
			containerPortal = 444D9C081B2460EE00EA3ECD /* Project object */;
			proxyType = 1;
			remoteGlobalIDString = 444D9C0F1B2460EE00EA3ECD;
			remoteInfo = AgeOfLaika;
		};
/* End PBXContainerItemProxy section */

/* Begin PBXFileReference section */
		444D9C101B2460EE00EA3ECD /* AgeOfLaika.app */ = {isa = PBXFileReference; explicitFileType = wrapper.application; includeInIndex = 0; path = AgeOfLaika.app; sourceTree = BUILT_PRODUCTS_DIR; };
		444D9C141B2460EE00EA3ECD /* Info.plist */ = {isa = PBXFileReference; lastKnownFileType = text.plist.xml; path = Info.plist; sourceTree = "<group>"; };
		444D9C151B2460EE00EA3ECD /* main.m */ = {isa = PBXFileReference; lastKnownFileType = sourcecode.c.objc; path = main.m; sourceTree = "<group>"; };
		444D9C171B2460EE00EA3ECD /* AppDelegate.h */ = {isa = PBXFileReference; lastKnownFileType = sourcecode.c.h; path = AppDelegate.h; sourceTree = "<group>"; };
		444D9C181B2460EE00EA3ECD /* AppDelegate.m */ = {isa = PBXFileReference; lastKnownFileType = sourcecode.c.objc; path = AppDelegate.m; sourceTree = "<group>"; };
		444D9C1A1B2460EE00EA3ECD /* ViewController.h */ = {isa = PBXFileReference; lastKnownFileType = sourcecode.c.h; path = ViewController.h; sourceTree = "<group>"; };
		444D9C1B1B2460EE00EA3ECD /* ViewController.m */ = {isa = PBXFileReference; lastKnownFileType = sourcecode.c.objc; path = ViewController.m; sourceTree = "<group>"; };
		444D9C1E1B2460EE00EA3ECD /* Base */ = {isa = PBXFileReference; lastKnownFileType = file.storyboard; name = Base; path = Base.lproj/Main.storyboard; sourceTree = "<group>"; };
		444D9C201B2460EE00EA3ECD /* Images.xcassets */ = {isa = PBXFileReference; lastKnownFileType = folder.assetcatalog; path = Images.xcassets; sourceTree = "<group>"; };
		444D9C231B2460EE00EA3ECD /* Base */ = {isa = PBXFileReference; lastKnownFileType = file.xib; name = Base; path = Base.lproj/LaunchScreen.xib; sourceTree = "<group>"; };
		444D9C291B2460EE00EA3ECD /* AgeOfLaikaTests.xctest */ = {isa = PBXFileReference; explicitFileType = wrapper.cfbundle; includeInIndex = 0; path = AgeOfLaikaTests.xctest; sourceTree = BUILT_PRODUCTS_DIR; };
		444D9C2E1B2460EE00EA3ECD /* Info.plist */ = {isa = PBXFileReference; lastKnownFileType = text.plist.xml; path = Info.plist; sourceTree = "<group>"; };
		444D9C2F1B2460EE00EA3ECD /* AgeOfLaikaTests.m */ = {isa = PBXFileReference; lastKnownFileType = sourcecode.c.objc; path = AgeOfLaikaTests.m; sourceTree = "<group>"; };
/* End PBXFileReference section */

/* Begin PBXFrameworksBuildPhase section */
		444D9C0D1B2460EE00EA3ECD /* Frameworks */ = {
			isa = PBXFrameworksBuildPhase;
			buildActionMask = 2147483647;
			files = (
			);
			runOnlyForDeploymentPostprocessing = 0;
		};
		444D9C261B2460EE00EA3ECD /* Frameworks */ = {
			isa = PBXFrameworksBuildPhase;
			buildActionMask = 2147483647;
			files = (
			);
			runOnlyForDeploymentPostprocessing = 0;
		};
/* End PBXFrameworksBuildPhase section */

/* Begin PBXGroup section */
		444D9C071B2460EE00EA3ECD = {
			isa = PBXGroup;
			children = (
				444D9C121B2460EE00EA3ECD /* AgeOfLaika */,
				444D9C2C1B2460EE00EA3ECD /* AgeOfLaikaTests */,
				444D9C111B2460EE00EA3ECD /* Products */,
			);
			sourceTree = "<group>";
		};
		444D9C111B2460EE00EA3ECD /* Products */ = {
			isa = PBXGroup;
			children = (
				444D9C101B2460EE00EA3ECD /* AgeOfLaika.app */,
				444D9C291B2460EE00EA3ECD /* AgeOfLaikaTests.xctest */,
			);
			name = Products;
			sourceTree = "<group>";
		};
		444D9C121B2460EE00EA3ECD /* AgeOfLaika */ = {
			isa = PBXGroup;
			children = (
				444D9C171B2460EE00EA3ECD /* AppDelegate.h */,
				444D9C181B2460EE00EA3ECD /* AppDelegate.m */,
				444D9C1A1B2460EE00EA3ECD /* ViewController.h */,
				444D9C1B1B2460EE00EA3ECD /* ViewController.m */,
				444D9C1D1B2460EE00EA3ECD /* Main.storyboard */,
				444D9C201B2460EE00EA3ECD /* Images.xcassets */,
				444D9C221B2460EE00EA3ECD /* LaunchScreen.xib */,
				444D9C131B2460EE00EA3ECD /* Supporting Files */,
			);
			path = AgeOfLaika;
			sourceTree = "<group>";
		};
		444D9C131B2460EE00EA3ECD /* Supporting Files */ = {
			isa = PBXGroup;
			children = (
				444D9C141B2460EE00EA3ECD /* Info.plist */,
				444D9C151B2460EE00EA3ECD /* main.m */,
			);
			name = "Supporting Files";
			sourceTree = "<group>";
		};
		444D9C2C1B2460EE00EA3ECD /* AgeOfLaikaTests */ = {
			isa = PBXGroup;
			children = (
				444D9C2F1B2460EE00EA3ECD /* AgeOfLaikaTests.m */,
				444D9C2D1B2460EE00EA3ECD /* Supporting Files */,
			);
			path = AgeOfLaikaTests;
			sourceTree = "<group>";
		};
		444D9C2D1B2460EE00EA3ECD /* Supporting Files */ = {
			isa = PBXGroup;
			children = (
				444D9C2E1B2460EE00EA3ECD /* Info.plist */,
			);
			name = "Supporting Files";
			sourceTree = "<group>";
		};
/* End PBXGroup section */

/* Begin PBXNativeTarget section */
		444D9C0F1B2460EE00EA3ECD /* AgeOfLaika */ = {
			isa = PBXNativeTarget;
			buildConfigurationList = 444D9C331B2460EE00EA3ECD /* Build configuration list for PBXNativeTarget "AgeOfLaika" */;
			buildPhases = (
				444D9C0C1B2460EE00EA3ECD /* Sources */,
				444D9C0D1B2460EE00EA3ECD /* Frameworks */,
				444D9C0E1B2460EE00EA3ECD /* Resources */,
			);
			buildRules = (
			);
			dependencies = (
			);
			name = AgeOfLaika;
			productName = AgeOfLaika;
			productReference = 444D9C101B2460EE00EA3ECD /* AgeOfLaika.app */;
			productType = "com.apple.product-type.application";
		};
		444D9C281B2460EE00EA3ECD /* AgeOfLaikaTests */ = {
			isa = PBXNativeTarget;
			buildConfigurationList = 444D9C361B2460EE00EA3ECD /* Build configuration list for PBXNativeTarget "AgeOfLaikaTests" */;
			buildPhases = (
				444D9C251B2460EE00EA3ECD /* Sources */,
				444D9C261B2460EE00EA3ECD /* Frameworks */,
				444D9C271B2460EE00EA3ECD /* Resources */,
			);
			buildRules = (
			);
			dependencies = (
				444D9C2B1B2460EE00EA3ECD /* PBXTargetDependency */,
			);
			name = AgeOfLaikaTests;
			productName = AgeOfLaikaTests;
			productReference = 444D9C291B2460EE00EA3ECD /* AgeOfLaikaTests.xctest */;
			productType = "com.apple.product-type.bundle.unit-test";
		};
/* End PBXNativeTarget section */

/* Begin PBXProject section */
		444D9C081B2460EE00EA3ECD /* Project object */ = {
			isa = PBXProject;
			attributes = {
				LastUpgradeCheck = 0630;
				ORGANIZATIONNAME = anand;
				TargetAttributes = {
					444D9C0F1B2460EE00EA3ECD = {
						CreatedOnToolsVersion = 6.3.2;
					};
					444D9C281B2460EE00EA3ECD = {
						CreatedOnToolsVersion = 6.3.2;
						TestTargetID = 444D9C0F1B2460EE00EA3ECD;
					};
				};
			};
			buildConfigurationList = 444D9C0B1B2460EE00EA3ECD /* Build configuration list for PBXProject "AgeOfLaika" */;
			compatibilityVersion = "Xcode 3.2";
			developmentRegion = English;
			hasScannedForEncodings = 0;
			knownRegions = (
				en,
				Base,
			);
			mainGroup = 444D9C071B2460EE00EA3ECD;
			productRefGroup = 444D9C111B2460EE00EA3ECD /* Products */;
			projectDirPath = "";
			projectRoot = "";
			targets = (
				444D9C0F1B2460EE00EA3ECD /* AgeOfLaika */,
				444D9C281B2460EE00EA3ECD /* AgeOfLaikaTests */,
			);
		};
/* End PBXProject section */

/* Begin PBXResourcesBuildPhase section */
		444D9C0E1B2460EE00EA3ECD /* Resources */ = {
			isa = PBXResourcesBuildPhase;
			buildActionMask = 2147483647;
			files = (
				444D9C1F1B2460EE00EA3ECD /* Main.storyboard in Resources */,
				444D9C241B2460EE00EA3ECD /* LaunchScreen.xib in Resources */,
				444D9C211B2460EE00EA3ECD /* Images.xcassets in Resources */,
			);
			runOnlyForDeploymentPostprocessing = 0;
		};
		444D9C271B2460EE00EA3ECD /* Resources */ = {
			isa = PBXResourcesBuildPhase;
			buildActionMask = 2147483647;
			files = (
			);
			runOnlyForDeploymentPostprocessing = 0;
		};
/* End PBXResourcesBuildPhase section */

/* Begin PBXSourcesBuildPhase section */
		444D9C0C1B2460EE00EA3ECD /* Sources */ = {
			isa = PBXSourcesBuildPhase;
			buildActionMask = 2147483647;
			files = (
				444D9C1C1B2460EE00EA3ECD /* ViewController.m in Sources */,
				444D9C191B2460EE00EA3ECD /* AppDelegate.m in Sources */,
				444D9C161B2460EE00EA3ECD /* main.m in Sources */,
			);
			runOnlyForDeploymentPostprocessing = 0;
		};
		444D9C251B2460EE00EA3ECD /* Sources */ = {
			isa = PBXSourcesBuildPhase;
			buildActionMask = 2147483647;
			files = (
				444D9C301B2460EE00EA3ECD /* AgeOfLaikaTests.m in Sources */,
			);
			runOnlyForDeploymentPostprocessing = 0;
		};
/* End PBXSourcesBuildPhase section */

/* Begin PBXTargetDependency section */
		444D9C2B1B2460EE00EA3ECD /* PBXTargetDependency */ = {
			isa = PBXTargetDependency;
			target = 444D9C0F1B2460EE00EA3ECD /* AgeOfLaika */;
			targetProxy = 444D9C2A1B2460EE00EA3ECD /* PBXContainerItemProxy */;
		};
/* End PBXTargetDependency section */

/* Begin PBXVariantGroup section */
		444D9C1D1B2460EE00EA3ECD /* Main.storyboard */ = {
			isa = PBXVariantGroup;
			children = (
				444D9C1E1B2460EE00EA3ECD /* Base */,
			);
			name = Main.storyboard;
			sourceTree = "<group>";
		};
		444D9C221B2460EE00EA3ECD /* LaunchScreen.xib */ = {
			isa = PBXVariantGroup;
			children = (
				444D9C231B2460EE00EA3ECD /* Base */,
			);
			name = LaunchScreen.xib;
			sourceTree = "<group>";
		};
/* End PBXVariantGroup section */

/* Begin XCBuildConfiguration section */
		444D9C311B2460EE00EA3ECD /* Debug */ = {
			isa = XCBuildConfiguration;
			buildSettings = {
				ALWAYS_SEARCH_USER_PATHS = NO;
				CLANG_CXX_LANGUAGE_STANDARD = "gnu++0x";
				CLANG_CXX_LIBRARY = "libc++";
				CLANG_ENABLE_MODULES = YES;
				CLANG_ENABLE_OBJC_ARC = YES;
				CLANG_WARN_BOOL_CONVERSION = YES;
				CLANG_WARN_CONSTANT_CONVERSION = YES;
				CLANG_WARN_DIRECT_OBJC_ISA_USAGE = YES_ERROR;
				CLANG_WARN_EMPTY_BODY = YES;
				CLANG_WARN_ENUM_CONVERSION = YES;
				CLANG_WARN_INT_CONVERSION = YES;
				CLANG_WARN_OBJC_ROOT_CLASS = YES_ERROR;
				CLANG_WARN_UNREACHABLE_CODE = YES;
				CLANG_WARN__DUPLICATE_METHOD_MATCH = YES;
				"CODE_SIGN_IDENTITY[sdk=iphoneos*]" = "iPhone Developer";
				COPY_PHASE_STRIP = NO;
				DEBUG_INFORMATION_FORMAT = "dwarf-with-dsym";
				ENABLE_STRICT_OBJC_MSGSEND = YES;
				GCC_C_LANGUAGE_STANDARD = gnu99;
				GCC_DYNAMIC_NO_PIC = NO;
				GCC_NO_COMMON_BLOCKS = YES;
				GCC_OPTIMIZATION_LEVEL = 0;
				GCC_PREPROCESSOR_DEFINITIONS = (
					"DEBUG=1",
					"$(inherited)",
				);
				GCC_SYMBOLS_PRIVATE_EXTERN = NO;
				GCC_WARN_64_TO_32_BIT_CONVERSION = YES;
				GCC_WARN_ABOUT_RETURN_TYPE = YES_ERROR;
				GCC_WARN_UNDECLARED_SELECTOR = YES;
				GCC_WARN_UNINITIALIZED_AUTOS = YES_AGGRESSIVE;
				GCC_WARN_UNUSED_FUNCTION = YES;
				GCC_WARN_UNUSED_VARIABLE = YES;
				IPHONEOS_DEPLOYMENT_TARGET = 8.3;
				MTL_ENABLE_DEBUG_INFO = YES;
				ONLY_ACTIVE_ARCH = YES;
				SDKROOT = iphoneos;
			};
			name = Debug;
		};
		444D9C321B2460EE00EA3ECD /* Release */ = {
			isa = XCBuildConfiguration;
			buildSettings = {
				ALWAYS_SEARCH_USER_PATHS = NO;
				CLANG_CXX_LANGUAGE_STANDARD = "gnu++0x";
				CLANG_CXX_LIBRARY = "libc++";
				CLANG_ENABLE_MODULES = YES;
				CLANG_ENABLE_OBJC_ARC = YES;
				CLANG_WARN_BOOL_CONVERSION = YES;
				CLANG_WARN_CONSTANT_CONVERSION = YES;
				CLANG_WARN_DIRECT_OBJC_ISA_USAGE = YES_ERROR;
				CLANG_WARN_EMPTY_BODY = YES;
				CLANG_WARN_ENUM_CONVERSION = YES;
				CLANG_WARN_INT_CONVERSION = YES;
				CLANG_WARN_OBJC_ROOT_CLASS = YES_ERROR;
				CLANG_WARN_UNREACHABLE_CODE = YES;
				CLANG_WARN__DUPLICATE_METHOD_MATCH = YES;
				"CODE_SIGN_IDENTITY[sdk=iphoneos*]" = "iPhone Developer";
				COPY_PHASE_STRIP = NO;
				DEBUG_INFORMATION_FORMAT = "dwarf-with-dsym";
				ENABLE_NS_ASSERTIONS = NO;
				ENABLE_STRICT_OBJC_MSGSEND = YES;
				GCC_C_LANGUAGE_STANDARD = gnu99;
				GCC_NO_COMMON_BLOCKS = YES;
				GCC_WARN_64_TO_32_BIT_CONVERSION = YES;
				GCC_WARN_ABOUT_RETURN_TYPE = YES_ERROR;
				GCC_WARN_UNDECLARED_SELECTOR = YES;
				GCC_WARN_UNINITIALIZED_AUTOS = YES_AGGRESSIVE;
				GCC_WARN_UNUSED_FUNCTION = YES;
				GCC_WARN_UNUSED_VARIABLE = YES;
				IPHONEOS_DEPLOYMENT_TARGET = 8.3;
				MTL_ENABLE_DEBUG_INFO = NO;
				SDKROOT = iphoneos;
				VALIDATE_PRODUCT = YES;
			};
			name = Release;
		};
		444D9C341B2460EE00EA3ECD /* Debug */ = {
			isa = XCBuildConfiguration;
			buildSettings = {
				ASSETCATALOG_COMPILER_APPICON_NAME = AppIcon;
				INFOPLIST_FILE = AgeOfLaika/Info.plist;
				LD_RUNPATH_SEARCH_PATHS = "$(inherited) @executable_path/Frameworks";
				PRODUCT_NAME = "$(TARGET_NAME)";
			};
			name = Debug;
		};
		444D9C351B2460EE00EA3ECD /* Release */ = {
			isa = XCBuildConfiguration;
			buildSettings = {
				ASSETCATALOG_COMPILER_APPICON_NAME = AppIcon;
				INFOPLIST_FILE = AgeOfLaika/Info.plist;
				LD_RUNPATH_SEARCH_PATHS = "$(inherited) @executable_path/Frameworks";
				PRODUCT_NAME = "$(TARGET_NAME)";
			};
			name = Release;
		};
		444D9C371B2460EE00EA3ECD /* Debug */ = {
			isa = XCBuildConfiguration;
			buildSettings = {
				BUNDLE_LOADER = "$(TEST_HOST)";
				FRAMEWORK_SEARCH_PATHS = (
					"$(SDKROOT)/Developer/Library/Frameworks",
					"$(inherited)",
				);
				GCC_PREPROCESSOR_DEFINITIONS = (
					"DEBUG=1",
					"$(inherited)",
				);
				INFOPLIST_FILE = AgeOfLaikaTests/Info.plist;
				LD_RUNPATH_SEARCH_PATHS = "$(inherited) @executable_path/Frameworks @loader_path/Frameworks";
				PRODUCT_NAME = "$(TARGET_NAME)";
				TEST_HOST = "$(BUILT_PRODUCTS_DIR)/AgeOfLaika.app/AgeOfLaika";
			};
			name = Debug;
		};
		444D9C381B2460EE00EA3ECD /* Release */ = {
			isa = XCBuildConfiguration;
			buildSettings = {
				BUNDLE_LOADER = "$(TEST_HOST)";
				FRAMEWORK_SEARCH_PATHS = (
					"$(SDKROOT)/Developer/Library/Frameworks",
					"$(inherited)",
				);
				INFOPLIST_FILE = AgeOfLaikaTests/Info.plist;
				LD_RUNPATH_SEARCH_PATHS = "$(inherited) @executable_path/Frameworks @loader_path/Frameworks";
				PRODUCT_NAME = "$(TARGET_NAME)";
				TEST_HOST = "$(BUILT_PRODUCTS_DIR)/AgeOfLaika.app/AgeOfLaika";
			};
			name = Release;
		};
/* End XCBuildConfiguration section */

/* Begin XCConfigurationList section */
		444D9C0B1B2460EE00EA3ECD /* Build configuration list for PBXProject "AgeOfLaika" */ = {
			isa = XCConfigurationList;
			buildConfigurations = (
				444D9C311B2460EE00EA3ECD /* Debug */,
				444D9C321B2460EE00EA3ECD /* Release */,
			);
			defaultConfigurationIsVisible = 0;
			defaultConfigurationName = Release;
		};
		444D9C331B2460EE00EA3ECD /* Build configuration list for PBXNativeTarget "AgeOfLaika" */ = {
			isa = XCConfigurationList;
			buildConfigurations = (
				444D9C341B2460EE00EA3ECD /* Debug */,
				444D9C351B2460EE00EA3ECD /* Release */,
			);
			defaultConfigurationIsVisible = 0;
		};
		444D9C361B2460EE00EA3ECD /* Build configuration list for PBXNativeTarget "AgeOfLaikaTests" */ = {
			isa = XCConfigurationList;
			buildConfigurations = (
				444D9C371B2460EE00EA3ECD /* Debug */,
				444D9C381B2460EE00EA3ECD /* Release */,
			);
			defaultConfigurationIsVisible = 0;
		};
/* End XCConfigurationList section */
	};
	rootObject = 444D9C081B2460EE00EA3ECD /* Project object */;
}
